{
  "_readme": [
      "This file locks the dependencies of your project to a known state",
      "Read more about it at https://getcomposer.org/doc/01-basic-usage.md#installing-dependencies",
      "This file is @generated automatically"
  ],
  "content-hash": "b606be17b6f21f3acb03bb162ec4bf1e",
  "packages": [
      {
          "name": "adbario/php-dot-notation",
          "version": "2.2.0",
          "source": {
              "type": "git",
              "url": "https://github.com/adbario/php-dot-notation.git",
              "reference": "eee4fc81296531e6aafba4c2bbccfc5adab1676e"
          },
          "dist": {
              "type": "zip",
              "url": "https://api.github.com/repos/adbario/php-dot-notation/zipball/eee4fc81296531e6aafba4c2bbccfc5adab1676e",
              "reference": "eee4fc81296531e6aafba4c2bbccfc5adab1676e",
              "shasum": ""
          },
          "require": {
              "ext-json": "*",
              "php": ">=5.5"
          },
          "require-dev": {
              "phpunit/phpunit": "^4.0|^5.0|^6.0",
              "squizlabs/php_codesniffer": "^3.0"
          },
          "type": "library",
          "autoload": {
              "files": [
                  "src/helpers.php"
              ],
              "psr-4": {
                  "Adbar\\": "src"
              }
          },
          "notification-url": "https://packagist.org/downloads/",
          "license": [
              "MIT"
          ],
          "authors": [
              {
                  "name": "Riku Särkinen",
                  "email": "riku@adbar.io"
              }
          ],
          "description": "PHP dot notation access to arrays",
          "homepage": "https://github.com/adbario/php-dot-notation",
          "keywords": [
              "ArrayAccess",
              "dotnotation"
          ],
          "time": "2019-01-01T23:59:15+00:00"
      },
      {
          "name": "alibabacloud/client",
          "version": "1.5.20",
          "source": {
              "type": "git",
              "url": "https://github.com/aliyun/openapi-sdk-php-client.git",
              "reference": "e18c5d79072417250f6faf0c1c8ca8bd3fd73f2b"
          },
          "dist": {
              "type": "zip",
              "url": "https://api.github.com/repos/aliyun/openapi-sdk-php-client/zipball/e18c5d79072417250f6faf0c1c8ca8bd3fd73f2b",
              "reference": "e18c5d79072417250f6faf0c1c8ca8bd3fd73f2b",
              "shasum": ""
          },
          "require": {
              "adbario/php-dot-notation": "^2.2",
              "clagiordano/weblibs-configmanager": "^1.0",
              "danielstjules/stringy": "^3.1",
              "ext-curl": "*",
              "ext-json": "*",
              "ext-libxml": "*",
              "ext-mbstring": "*",
              "ext-openssl": "*",
              "ext-simplexml": "*",
              "ext-xmlwriter": "*",
              "guzzlehttp/guzzle": "^6.3",
              "mtdowling/jmespath.php": "^2.4",
              "php": ">=5.5"
          },
          "require-dev": {
              "composer/composer": "^1.8",
              "drupal/coder": "^8.3",
              "ext-dom": "*",
              "ext-pcre": "*",
              "ext-sockets": "*",
              "ext-spl": "*",
              "league/climate": "^3.2.4",
              "mikey179/vfsstream": "^1.6",
              "monolog/monolog": "^1.24",
              "phpunit/phpunit": "^4.8.35|^5.4.3",
              "psr/cache": "^1.0",
              "symfony/dotenv": "^3.4",
              "symfony/var-dumper": "^3.4"
          },
          "suggest": {
              "ext-sockets": "To use client-side monitoring"
          },
          "type": "library",
          "autoload": {
              "psr-4": {
                  "AlibabaCloud\\Client\\": "src"
              },
              "files": [
                  "src/Functions.php"
              ]
          },
          "notification-url": "https://packagist.org/downloads/",
          "license": [
              "Apache-2.0"
          ],
          "authors": [
              {
                  "name": "Alibaba Cloud SDK",
                  "email": "sdk-team@alibabacloud.com",
                  "homepage": "http://www.alibabacloud.com"
              }
          ],
          "description": "Alibaba Cloud Client for PHP - Use Alibaba Cloud in your PHP project",
          "homepage": "https://www.alibabacloud.com/",
          "keywords": [
              "alibaba",
              "alibabacloud",
              "aliyun",
              "client",
              "cloud",
              "library",
              "sdk",
              "tool"
          ],
          "time": "2019-12-30T01:59:20+00:00"
      },
      {
          "name": "alibabacloud/fnf",
          "version": "1.8.107",
          "source": {
              "type": "git",
              "url": "https://github.com/alibabacloud-sdk-php/fnf.git",
              "reference": "13565ef1e7567437af570130c0927357a8844480"
          },
          "dist": {
              "type": "zip",
              "url": "https://api.github.com/repos/alibabacloud-sdk-php/fnf/zipball/13565ef1e7567437af570130c0927357a8844480",
              "reference": "13565ef1e7567437af570130c0927357a8844480",
              "shasum": ""
          },
          "require": {
              "alibabacloud/client": "^1.5",
              "php": ">=5.5"
          },
          "type": "library",
          "autoload": {
              "psr-4": {
                  "AlibabaCloud\\Fnf\\": ""
              }
          },
          "notification-url": "https://packagist.org/downloads/",
          "license": [
              "Apache-2.0"
          ],
          "authors": [
              {
                  "name": "Alibaba Cloud SDK",
                  "email": "sdk-team@alibabacloud.com",
                  "homepage": "http://www.alibabacloud.com"
              }
          ],
          "description": "Alibaba Cloud Fnf SDK for PHP",
          "homepage": "https://www.alibabacloud.com/",
          "keywords": [
              "alibaba",
              "alibabacloud",
              "aliyun",
              "cloud",
              "fnf",
              "library",
              "sdk"
          ],
          "time": "2020-02-14T02:01:11+00:00"
      },
      {
          "name": "aliyun/aliyun-tablestore-sdk-php",
          "version": "v4.1.1",
          "source": {
              "type": "git",
              "url": "https://github.com/aliyun/aliyun-tablestore-php-sdk.git",
              "reference": "8b1177927602f94971e7bcb98aeba1dc80947c25"
          },
          "dist": {
              "type": "zip",
              "url": "https://api.github.com/repos/aliyun/aliyun-tablestore-php-sdk/zipball/8b1177927602f94971e7bcb98aeba1dc80947c25",
              "reference": "8b1177927602f94971e7bcb98aeba1dc80947c25",
              "shasum": ""
          },
          "require": {
              "google/protobuf": "^3.5",
              "guzzlehttp/guzzle": "^5.3.1|^6.2.1",
              "guzzlehttp/promises": "~1.0",
              "guzzlehttp/psr7": "^1.4.1",
              "php": ">=5.5"
          },
          "require-dev": {
              "phpunit/phpunit": "^4.8.35|^5.4.3",
              "satooshi/php-coveralls": "~1.0"
          },
          "suggest": {
              "ext-curl": "To send requests using cURL",
              "ext-openssl": "Allows working with HTTPS"
          },
          "type": "library",
          "autoload": {
              "psr-4": {
                  "Aliyun\\OTS\\": "src/OTS",
                  "Aliyun\\OTS\\ProtoBuffer\\Protocol\\": "src/OTS/ProtoBuffer/Protocol",
                  "Aliyun\\OTS\\Handlers\\": "src/OTS/Handlers",
                  "Aliyun\\OTS\\Consts\\": "src/OTS/Consts",
                  "Aliyun\\OTS\\Retry\\": "src/OTS/Retry"
              },
              "files": [
                  "src/functions.php",
                  "src/OTS/ProtoBuffer/GPBMetadata/TableStore.php",
                  "src/OTS/ProtoBuffer/GPBMetadata/TableStoreFilter.php"
              ]
          },
          "notification-url": "https://packagist.org/downloads/",
          "license": [
              "MIT"
          ],
          "authors": [
              {
                  "name": "Aliyun Tablestore Team",
                  "homepage": "http://www.aliyun.com/product/ots"
              }
          ],
          "description": "Aliyun Tablestore SDK for PHP",
          "homepage": "http://www.aliyun.com/product/ots",
          "time": "2018-12-17T09:29:55+00:00"
      },
      {
          "name": "aliyuncs/oss-sdk-php",
          "version": "v2.3.1",
          "source": {
              "type": "git",
              "url": "https://github.com/aliyun/aliyun-oss-php-sdk.git",
              "reference": "053d7ba9e798e4c09b9c5c1edab153d25ea9643a"
          },
          "dist": {
              "type": "zip",
              "url": "https://api.github.com/repos/aliyun/aliyun-oss-php-sdk/zipball/053d7ba9e798e4c09b9c5c1edab153d25ea9643a",
              "reference": "053d7ba9e798e4c09b9c5c1edab153d25ea9643a",
              "shasum": ""
          },
          "require": {
              "php": ">=5.3"
          },
          "require-dev": {
              "phpunit/phpunit": "~4.0",
              "satooshi/php-coveralls": "~1.0"
          },
          "type": "library",
          "autoload": {
              "psr-4": {
                  "OSS\\": "src/OSS"
              }
          },
          "notification-url": "https://packagist.org/downloads/",
          "license": [
              "MIT"
          ],
          "authors": [
              {
                  "name": "Aliyuncs",
                  "homepage": "http://www.aliyun.com"
              }
          ],
          "description": "Aliyun OSS SDK for PHP",
          "homepage": "http://www.aliyun.com/product/oss/",
          "time": "2019-11-15T11:05:42+00:00"
      },
      {
          "name": "aliyunfc/fc-php-sdk",
          "version": "1.2.0",
          "source": {
              "type": "git",
              "url": "https://github.com/aliyun/fc-php-sdk.git",
              "reference": "c2621568fd34643a40dd16168fcf0fe38f00af77"
          },
          "dist": {
              "type": "zip",
              "url": "https://api.github.com/repos/aliyun/fc-php-sdk/zipball/c2621568fd34643a40dd16168fcf0fe38f00af77",
              "reference": "c2621568fd34643a40dd16168fcf0fe38f00af77",
              "shasum": ""
          },
          "require": {
              "guzzlehttp/guzzle": "~6.0",
              "php": ">=5.5"
          },
          "require-dev": {
              "phpunit/phpunit": "^4.8.35 || ^5.7 || ^6.4 || ^7.0",
              "satooshi/php-coveralls": "~1.0"
          },
          "type": "library",
          "autoload": {
              "psr-4": {
                  "AliyunFC\\": "src/AliyunFC"
              }
          },
          "notification-url": "https://packagist.org/downloads/",
          "license": [
              "MIT"
          ],
          "authors": [
              {
                  "name": "aliyunfc",
                  "email": "ls_huster@163.com"
              }
          ],
          "description": "Aliyun FC SDK for PHP",
          "homepage": "http://www.aliyun.com/product/fc/",
          "keywords": [
              "aliyun",
              "fc",
              "fcunction compute",
              "php"
          ],
          "time": "2019-09-09T12:19:57+00:00"
      },
      {
          "name": "clagiordano/weblibs-configmanager",
          "version": "v1.0.7",
          "source": {
              "type": "git",
              "url": "https://github.com/clagiordano/weblibs-configmanager.git",
              "reference": "6ef4c27354368deb2f54b39bbe06601da8c873a0"
          },
          "dist": {
              "type": "zip",
              "url": "https://api.github.com/repos/clagiordano/weblibs-configmanager/zipball/6ef4c27354368deb2f54b39bbe06601da8c873a0",
              "reference": "6ef4c27354368deb2f54b39bbe06601da8c873a0",
              "shasum": ""
          },
          "require": {
              "php": ">=5.4"
          },
          "require-dev": {
              "clagiordano/phpunit-result-printer": "^1",
              "phpunit/phpunit": "^4.8"
          },
          "type": "library",
          "autoload": {
              "psr-4": {
                  "clagiordano\\weblibs\\configmanager\\": "src/"
              }
          },
          "notification-url": "https://packagist.org/downloads/",
          "license": [
              "LGPL-3.0-or-later"
          ],
          "authors": [
              {
                  "name": "Claudio Giordano",
                  "email": "claudio.giordano@autistici.org",
                  "role": "Developer"
              }
          ],
          "description": "weblibs-configmanager is a tool library for easily read and access to php config array file and direct read/write configuration file / object",
          "keywords": [
              "clagiordano",
              "configuration",
              "manager",
              "tool",
              "weblibs"
          ],
          "time": "2019-09-25T22:10:10+00:00"
      },
      {
          "name": "danielstjules/stringy",
          "version": "3.1.0",
          "source": {
              "type": "git",
              "url": "https://github.com/danielstjules/Stringy.git",
              "reference": "df24ab62d2d8213bbbe88cc36fc35a4503b4bd7e"
          },
          "dist": {
              "type": "zip",
              "url": "https://api.github.com/repos/danielstjules/Stringy/zipball/df24ab62d2d8213bbbe88cc36fc35a4503b4bd7e",
              "reference": "df24ab62d2d8213bbbe88cc36fc35a4503b4bd7e",
              "shasum": ""
          },
          "require": {
              "php": ">=5.4.0",
              "symfony/polyfill-mbstring": "~1.1"
          },
          "require-dev": {
              "phpunit/phpunit": "~4.0"
          },
          "type": "library",
          "autoload": {
              "psr-4": {
                  "Stringy\\": "src/"
              },
              "files": [
                  "src/Create.php"
              ]
          },
          "notification-url": "https://packagist.org/downloads/",
          "license": [
              "MIT"
          ],
          "authors": [
              {
                  "name": "Daniel St. Jules",
                  "email": "danielst.jules@gmail.com",
                  "homepage": "http://www.danielstjules.com"
              }
          ],
          "description": "A string manipulation library with multibyte support",
          "homepage": "https://github.com/danielstjules/Stringy",
          "keywords": [
              "UTF",
              "helpers",
              "manipulation",
              "methods",
              "multibyte",
              "string",
              "utf-8",
              "utility",
              "utils"
          ],
          "time": "2017-06-12T01:10:27+00:00"
      },
      {
          "name": "google/protobuf",
          "version": "v3.11.4",
          "source": {
              "type": "git",
              "url": "https://github.com/protocolbuffers/protobuf-php.git",
              "reference": "a5001eb559dcaac0bf6d8c7edc52b3828c618185"
          },
          "dist": {
              "type": "zip",
              "url": "https://api.github.com/repos/protocolbuffers/protobuf-php/zipball/a5001eb559dcaac0bf6d8c7edc52b3828c618185",
              "reference": "a5001eb559dcaac0bf6d8c7edc52b3828c618185",
              "shasum": ""
          },
          "require": {
              "php": ">=5.5.0"
          },
          "require-dev": {
              "phpunit/phpunit": ">=4.8.0"
          },
          "suggest": {
              "ext-bcmath": "Need to support JSON deserialization"
          },
          "type": "library",
          "autoload": {
              "psr-4": {
                  "Google\\Protobuf\\": "src/Google/Protobuf",
                  "GPBMetadata\\Google\\Protobuf\\": "src/GPBMetadata/Google/Protobuf"
              }
          },
          "notification-url": "https://packagist.org/downloads/",
          "license": [
              "BSD-3-Clause"
          ],
          "description": "proto library for PHP",
          "homepage": "https://developers.google.com/protocol-buffers/",
          "keywords": [
              "proto"
          ],
          "time": "2020-02-14T22:17:05+00:00"
      },
      {
          "name": "guzzlehttp/guzzle",
          "version": "6.5.2",
          "source": {
              "type": "git",
              "url": "https://github.com/guzzle/guzzle.git",
              "reference": "43ece0e75098b7ecd8d13918293029e555a50f82"
          },
          "dist": {
              "type": "zip",
              "url": "https://api.github.com/repos/guzzle/guzzle/zipball/43ece0e75098b7ecd8d13918293029e555a50f82",
              "reference": "43ece0e75098b7ecd8d13918293029e555a50f82",
              "shasum": ""
          },
          "require": {
              "ext-json": "*",
              "guzzlehttp/promises": "^1.0",
              "guzzlehttp/psr7": "^1.6.1",
              "php": ">=5.5"
          },
          "require-dev": {
              "ext-curl": "*",
              "phpunit/phpunit": "^4.8.35 || ^5.7 || ^6.4 || ^7.0",
              "psr/log": "^1.1"
          },
          "suggest": {
              "ext-intl": "Required for Internationalized Domain Name (IDN) support",
              "psr/log": "Required for using the Log middleware"
          },
          "type": "library",
          "extra": {
              "branch-alias": {
                  "dev-master": "6.5-dev"
              }
          },
          "autoload": {
              "psr-4": {
                  "GuzzleHttp\\": "src/"
              },
              "files": [
                  "src/functions_include.php"
              ]
          },
          "notification-url": "https://packagist.org/downloads/",
          "license": [
              "MIT"
          ],
          "authors": [
              {
                  "name": "Michael Dowling",
                  "email": "mtdowling@gmail.com",
                  "homepage": "https://github.com/mtdowling"
              }
          ],
          "description": "Guzzle is a PHP HTTP client library",
          "homepage": "http://guzzlephp.org/",
          "keywords": [
              "client",
              "curl",
              "framework",
              "http",
              "http client",
              "rest",
              "web service"
          ],
          "time": "2019-12-23T11:57:10+00:00"
      },
      {
          "name": "guzzlehttp/promises",
          "version": "v1.3.1",
          "source": {
              "type": "git",
              "url": "https://github.com/guzzle/promises.git",
              "reference": "a59da6cf61d80060647ff4d3eb2c03a2bc694646"
          },
          "dist": {
              "type": "zip",
              "url": "https://api.github.com/repos/guzzle/promises/zipball/a59da6cf61d80060647ff4d3eb2c03a2bc694646",
              "reference": "a59da6cf61d80060647ff4d3eb2c03a2bc694646",
              "shasum": ""
          },
          "require": {
              "php": ">=5.5.0"
          },
          "require-dev": {
              "phpunit/phpunit": "^4.0"
          },
          "type": "library",
          "extra": {
              "branch-alias": {
                  "dev-master": "1.4-dev"
              }
          },
          "autoload": {
              "psr-4": {
                  "GuzzleHttp\\Promise\\": "src/"
              },
              "files": [
                  "src/functions_include.php"
              ]
          },
          "notification-url": "https://packagist.org/downloads/",
          "license": [
              "MIT"
          ],
          "authors": [
              {
                  "name": "Michael Dowling",
                  "email": "mtdowling@gmail.com",
                  "homepage": "https://github.com/mtdowling"
              }
          ],
          "description": "Guzzle promises library",
          "keywords": [
              "promise"
          ],
          "time": "2016-12-20T10:07:11+00:00"
      },
      {
          "name": "guzzlehttp/psr7",
          "version": "1.6.1",
          "source": {
              "type": "git",
              "url": "https://github.com/guzzle/psr7.git",
              "reference": "239400de7a173fe9901b9ac7c06497751f00727a"
          },
          "dist": {
              "type": "zip",
              "url": "https://api.github.com/repos/guzzle/psr7/zipball/239400de7a173fe9901b9ac7c06497751f00727a",
              "reference": "239400de7a173fe9901b9ac7c06497751f00727a",
              "shasum": ""
          },
          "require": {
              "php": ">=5.4.0",
              "psr/http-message": "~1.0",
              "ralouphie/getallheaders": "^2.0.5 || ^3.0.0"
          },
          "provide": {
              "psr/http-message-implementation": "1.0"
          },
          "require-dev": {
              "ext-zlib": "*",
              "phpunit/phpunit": "~4.8.36 || ^5.7.27 || ^6.5.8"
          },
          "suggest": {
              "zendframework/zend-httphandlerrunner": "Emit PSR-7 responses"
          },
          "type": "library",
          "extra": {
              "branch-alias": {
                  "dev-master": "1.6-dev"
              }
          },
          "autoload": {
              "psr-4": {
                  "GuzzleHttp\\Psr7\\": "src/"
              },
              "files": [
                  "src/functions_include.php"
              ]
          },
          "notification-url": "https://packagist.org/downloads/",
          "license": [
              "MIT"
          ],
          "authors": [
              {
                  "name": "Michael Dowling",
                  "email": "mtdowling@gmail.com",
                  "homepage": "https://github.com/mtdowling"
              },
              {
                  "name": "Tobias Schultze",
                  "homepage": "https://github.com/Tobion"
              }
          ],
          "description": "PSR-7 message implementation that also provides common utility methods",
          "keywords": [
              "http",
              "message",
              "psr-7",
              "request",
              "response",
              "stream",
              "uri",
              "url"
          ],
          "time": "2019-07-01T23:21:34+00:00"
      },
      {
          "name": "mtdowling/jmespath.php",
          "version": "2.5.0",
          "source": {
              "type": "git",
              "url": "https://github.com/jmespath/jmespath.php.git",
              "reference": "52168cb9472de06979613d365c7f1ab8798be895"
          },
          "dist": {
              "type": "zip",
              "url": "https://api.github.com/repos/jmespath/jmespath.php/zipball/52168cb9472de06979613d365c7f1ab8798be895",
              "reference": "52168cb9472de06979613d365c7f1ab8798be895",
              "shasum": ""
          },
          "require": {
              "php": ">=5.4.0",
              "symfony/polyfill-mbstring": "^1.4"
          },
          "require-dev": {
              "composer/xdebug-handler": "^1.2",
              "phpunit/phpunit": "^4.8.36|^7.5.15"
          },
          "bin": [
              "bin/jp.php"
          ],
          "type": "library",
          "extra": {
              "branch-alias": {
                  "dev-master": "2.5-dev"
              }
          },
          "autoload": {
              "psr-4": {
                  "JmesPath\\": "src/"
              },
              "files": [
                  "src/JmesPath.php"
              ]
          },
          "notification-url": "https://packagist.org/downloads/",
          "license": [
              "MIT"
          ],
          "authors": [
              {
                  "name": "Michael Dowling",
                  "email": "mtdowling@gmail.com",
                  "homepage": "https://github.com/mtdowling"
              }
          ],
          "description": "Declaratively specify how to extract elements from a JSON document",
          "keywords": [
              "json",
              "jsonpath"
          ],
          "time": "2019-12-30T18:03:34+00:00"
      },
      {
          "name": "psr/http-message",
          "version": "1.0.1",
          "source": {
              "type": "git",
              "url": "https://github.com/php-fig/http-message.git",
              "reference": "f6561bf28d520154e4b0ec72be95418abe6d9363"
          },
          "dist": {
              "type": "zip",
              "url": "https://api.github.com/repos/php-fig/http-message/zipball/f6561bf28d520154e4b0ec72be95418abe6d9363",
              "reference": "f6561bf28d520154e4b0ec72be95418abe6d9363",
              "shasum": ""
          },
          "require": {
              "php": ">=5.3.0"
          },
          "type": "library",
          "extra": {
              "branch-alias": {
                  "dev-master": "1.0.x-dev"
              }
          },
          "autoload": {
              "psr-4": {
                  "Psr\\Http\\Message\\": "src/"
              }
          },
          "notification-url": "https://packagist.org/downloads/",
          "license": [
              "MIT"
          ],
          "authors": [
              {
                  "name": "PHP-FIG",
                  "homepage": "http://www.php-fig.org/"
              }
          ],
          "description": "Common interface for HTTP messages",
          "homepage": "https://github.com/php-fig/http-message",
          "keywords": [
              "http",
              "http-message",
              "psr",
              "psr-7",
              "request",
              "response"
          ],
          "time": "2016-08-06T14:39:51+00:00"
      },
      {
          "name": "ralouphie/getallheaders",
          "version": "3.0.3",
          "source": {
              "type": "git",
              "url": "https://github.com/ralouphie/getallheaders.git",
              "reference": "120b605dfeb996808c31b6477290a714d356e822"
          },
          "dist": {
              "type": "zip",
              "url": "https://api.github.com/repos/ralouphie/getallheaders/zipball/120b605dfeb996808c31b6477290a714d356e822",
              "reference": "120b605dfeb996808c31b6477290a714d356e822",
              "shasum": ""
          },
          "require": {
              "php": ">=5.6"
          },
          "require-dev": {
              "php-coveralls/php-coveralls": "^2.1",
              "phpunit/phpunit": "^5 || ^6.5"
          },
          "type": "library",
          "autoload": {
              "files": [
                  "src/getallheaders.php"
              ]
          },
          "notification-url": "https://packagist.org/downloads/",
          "license": [
              "MIT"
          ],
          "authors": [
              {
                  "name": "Ralph Khattar",
                  "email": "ralph.khattar@gmail.com"
              }
          ],
          "description": "A polyfill for getallheaders.",
          "time": "2019-03-08T08:55:37+00:00"
      },
      {
          "name": "symfony/polyfill-mbstring",
          "version": "v1.14.0",
          "source": {
              "type": "git",
              "url": "https://github.com/symfony/polyfill-mbstring.git",
              "reference": "34094cfa9abe1f0f14f48f490772db7a775559f2"
          },
          "dist": {
              "type": "zip",
              "url": "https://api.github.com/repos/symfony/polyfill-mbstring/zipball/34094cfa9abe1f0f14f48f490772db7a775559f2",
              "reference": "34094cfa9abe1f0f14f48f490772db7a775559f2",
              "shasum": ""
          },
          "require": {
              "php": ">=5.3.3"
          },
          "suggest": {
              "ext-mbstring": "For best performance"
          },
          "type": "library",
          "extra": {
              "branch-alias": {
                  "dev-master": "1.14-dev"
              }
          },
          "autoload": {
              "psr-4": {
                  "Symfony\\Polyfill\\Mbstring\\": ""
              },
              "files": [
                  "bootstrap.php"
              ]
          },
          "notification-url": "https://packagist.org/downloads/",
          "license": [
              "MIT"
          ],
          "authors": [
              {
                  "name": "Nicolas Grekas",
                  "email": "p@tchwork.com"
              },
              {
                  "name": "Symfony Community",
                  "homepage": "https://symfony.com/contributors"
              }
          ],
          "description": "Symfony polyfill for the Mbstring extension",
          "homepage": "https://symfony.com",
          "keywords": [
              "compatibility",
              "mbstring",
              "polyfill",
              "portable",
              "shim"
          ],
          "time": "2020-01-13T11:15:53+00:00"
      },
      {
          "name": "wushunyi/aliyun-sdk-mns",
          "version": "v1.3.5.5",
          "source": {
              "type": "git",
              "url": "https://github.com/84hero/aliyun-sdk-mns.git",
              "reference": "4ddee33bae345e5e14702f8d5c751a0a90bf2c0b"
          },
          "dist": {
              "type": "zip",
              "url": "https://api.github.com/repos/84hero/aliyun-sdk-mns/zipball/4ddee33bae345e5e14702f8d5c751a0a90bf2c0b",
              "reference": "4ddee33bae345e5e14702f8d5c751a0a90bf2c0b",
              "shasum": ""
          },
          "require": {
              "ext-dom": "*",
              "ext-openssl": "*",
              "ext-simplexml": "*",
              "guzzlehttp/guzzle": "^6.3",
              "php": ">=5.3.0"
          },
          "suggest": {
              "ext-curl": "To send requests using cURL",
              "ext-json": "Parse json",
              "ext-openssl": "Allows working with https"
          },
          "type": "library",
          "extra": {
              "branch-alias": {
                  "dev-master": "master-dev"
              }
          },
          "autoload": {
              "psr-4": {
                  "AliyunMNS\\": "AliyunMNS/"
              }
          },
          "notification-url": "https://packagist.org/downloads/",
          "license": [
              "MIT"
          ],
          "authors": [
              {
                  "name": "Wu ShunYi",
                  "email": "wushunyi@vip.qq.com"
              }
          ],
          "description": "Aliyun MNS PHP SDK 阿里云官方 MNS composer包",
          "time": "2017-11-21T09:36:47+00:00"
      }
  ],
  "packages-dev": [
      {
          "name": "rsong/phprequest",
          "version": "1.0.1",
          "source": {
              "type": "git",
              "url": "https://github.com/rsonghuster/phprequest.git",
              "reference": "31979f796daceb178d5b573d9875410924445095"
          },
          "dist": {
              "type": "zip",
              "url": "https://api.github.com/repos/rsonghuster/phprequest/zipball/31979f796daceb178d5b573d9875410924445095",
              "reference": "31979f796daceb178d5b573d9875410924445095",
              "shasum": ""
          },
          "require": {
              "php": ">=5.3",
              "psr/http-message": "^1.0"
          },
          "type": "library",
          "autoload": {
              "psr-4": {
                  "EasyRequest\\": "src/"
              },
              "files": [
                  "src/helpers.php"
              ]
          },
          "notification-url": "https://packagist.org/downloads/",
          "license": [
              "MIT"
          ],
          "authors": [
              {
                  "name": "rsong",
                  "email": "ls_huster@163.com"
              }
          ],
          "description": "A light weight PHP http client implements PSR7, use socket/curl for sending requests.",
          "keywords": [
              "Socket",
              "curl",
              "http",
              "php",
              "php http client",
              "request"
          ],
          "time": "2018-08-02T11:05:40+00:00"
      }
  ],
  "aliases": [],
  "minimum-stability": "stable",
  "stability-flags": [],
  "prefer-stable": false,
  "prefer-lowest": false,
  "platform": [],
  "platform-dev": []
}
