{
    "_readme": [
        "This file locks the dependencies of your project to a known state",
        "Read more about it at https://getcomposer.org/doc/01-basic-usage.md#installing-dependencies",
        "This file is @generated automatically"
    ],
    "content-hash": "267c4fd3606b58ee0cc16938f4ad3349",
    "packages": [
        {
            "name": "adbario/php-dot-notation",
            "version": "2.2.0",
            "source": {
                "type": "git",
                "url": "https://github.com/adbario/php-dot-notation.git",
                "reference": "eee4fc81296531e6aafba4c2bbccfc5adab1676e"
            },
            "dist": {
                "type": "zip",
                "url": "https://api.github.com/repos/adbario/php-dot-notation/zipball/eee4fc81296531e6aafba4c2bbccfc5adab1676e",
                "reference": "eee4fc81296531e6aafba4c2bbccfc5adab1676e",
                "shasum": ""
            },
            "require": {
                "ext-json": "*",
                "php": ">=5.5"
            },
            "require-dev": {
                "phpunit/phpunit": "^4.0|^5.0|^6.0",
                "squizlabs/php_codesniffer": "^3.0"
            },
            "type": "library",
            "autoload": {
                "files": [
                    "src/helpers.php"
                ],
                "psr-4": {
                    "Adbar\\": "src"
                }
            },
            "notification-url": "https://packagist.org/downloads/",
            "license": [
                "MIT"
            ],
            "authors": [
                {
                    "name": "Riku Särkinen",
                    "email": "riku@adbar.io"
                }
            ],
            "description": "PHP dot notation access to arrays",
            "homepage": "https://github.com/adbario/php-dot-notation",
            "keywords": [
                "ArrayAccess",
                "dotnotation"
            ],
            "time": "2019-01-01T23:59:15+00:00"
        },
        {
            "name": "alibabacloud/client",
            "version": "1.5.20",
            "source": {
                "type": "git",
                "url": "https://github.com/aliyun/openapi-sdk-php-client.git",
                "reference": "e18c5d79072417250f6faf0c1c8ca8bd3fd73f2b"
            },
            "dist": {
                "type": "zip",
                "url": "https://api.github.com/repos/aliyun/openapi-sdk-php-client/zipball/e18c5d79072417250f6faf0c1c8ca8bd3fd73f2b",
                "reference": "e18c5d79072417250f6faf0c1c8ca8bd3fd73f2b",
                "shasum": ""
            },
            "require": {
                "adbario/php-dot-notation": "^2.2",
                "clagiordano/weblibs-configmanager": "^1.0",
                "danielstjules/stringy": "^3.1",
                "ext-curl": "*",
                "ext-json": "*",
                "ext-libxml": "*",
                "ext-mbstring": "*",
                "ext-openssl": "*",
                "ext-simplexml": "*",
                "ext-xmlwriter": "*",
                "guzzlehttp/guzzle": "^6.3",
                "mtdowling/jmespath.php": "^2.4",
                "php": ">=5.5"
            },
            "require-dev": {
                "composer/composer": "^1.8",
                "drupal/coder": "^8.3",
                "ext-dom": "*",
                "ext-pcre": "*",
                "ext-sockets": "*",
                "ext-spl": "*",
                "league/climate": "^3.2.4",
                "mikey179/vfsstream": "^1.6",
                "monolog/monolog": "^1.24",
                "phpunit/phpunit": "^4.8.35|^5.4.3",
                "psr/cache": "^1.0",
                "symfony/dotenv": "^3.4",
                "symfony/var-dumper": "^3.4"
            },
            "suggest": {
                "ext-sockets": "To use client-side monitoring"
            },
            "type": "library",
            "autoload": {
                "psr-4": {
                    "AlibabaCloud\\Client\\": "src"
                },
                "files": [
                    "src/Functions.php"
                ]
            },
            "notification-url": "https://packagist.org/downloads/",
            "license": [
                "Apache-2.0"
            ],
            "authors": [
                {
                    "name": "Alibaba Cloud SDK",
                    "email": "sdk-team@alibabacloud.com",
                    "homepage": "http://www.alibabacloud.com"
                }
            ],
            "description": "Alibaba Cloud Client for PHP - Use Alibaba Cloud in your PHP project",
            "homepage": "https://www.alibabacloud.com/",
            "keywords": [
                "alibaba",
                "alibabacloud",
                "aliyun",
                "client",
                "cloud",
                "library",
                "sdk",
                "tool"
            ],
            "time": "2019-12-30T01:59:20+00:00"
        },
        {
            "name": "alibabacloud/fnf",
            "version": "1.8.107",
            "source": {
                "type": "git",
                "url": "https://github.com/alibabacloud-sdk-php/fnf.git",
                "reference": "13565ef1e7567437af570130c0927357a8844480"
            },
            "dist": {
                "type": "zip",
                "url": "https://api.github.com/repos/alibabacloud-sdk-php/fnf/zipball/13565ef1e7567437af570130c0927357a8844480",
                "reference": "13565ef1e7567437af570130c0927357a8844480",
                "shasum": ""
            },
            "require": {
                "alibabacloud/client": "^1.5",
                "php": ">=5.5"
            },
            "type": "library",
            "autoload": {
                "psr-4": {
                    "AlibabaCloud\\Fnf\\": ""
                }
            },
            "notification-url": "https://packagist.org/downloads/",
            "license": [
                "Apache-2.0"
            ],
            "authors": [
                {
                    "name": "Alibaba Cloud SDK",
                    "email": "sdk-team@alibabacloud.com",
                    "homepage": "http://www.alibabacloud.com"
                }
            ],
            "description": "Alibaba Cloud Fnf SDK for PHP",
            "homepage": "https://www.alibabacloud.com/",
            "keywords": [
                "alibaba",
                "alibabacloud",
                "aliyun",
                "cloud",
                "fnf",
                "library",
                "sdk"
            ],
            "time": "2020-02-14T02:01:11+00:00"
        },
        {
            "name": "aliyun/aliyun-tablestore-sdk-php",
            "version": "v4.1.1",
            "source": {
                "type": "git",
                "url": "https://github.com/aliyun/aliyun-tablestore-php-sdk.git",
                "reference": "8b1177927602f94971e7bcb98aeba1dc80947c25"
            },
            "dist": {
                "type": "zip",
                "url": "https://api.github.com/repos/aliyun/aliyun-tablestore-php-sdk/zipball/8b1177927602f94971e7bcb98aeba1dc80947c25",
                "reference": "8b1177927602f94971e7bcb98aeba1dc80947c25",
                "shasum": ""
            },
            "require": {
                "google/protobuf": "^3.5",
                "guzzlehttp/guzzle": "^5.3.1|^6.2.1",
                "guzzlehttp/promises": "~1.0",
                "guzzlehttp/psr7": "^1.4.1",
                "php": ">=5.5"
            },
            "require-dev": {
                "phpunit/phpunit": "^4.8.35|^5.4.3",
                "satooshi/php-coveralls": "~1.0"
            },
            "suggest": {
                "ext-curl": "To send requests using cURL",
                "ext-openssl": "Allows working with HTTPS"
            },
            "type": "library",
            "autoload": {
                "psr-4": {
                    "Aliyun\\OTS\\": "src/OTS",
                    "Aliyun\\OTS\\ProtoBuffer\\Protocol\\": "src/OTS/ProtoBuffer/Protocol",
                    "Aliyun\\OTS\\Handlers\\": "src/OTS/Handlers",
                    "Aliyun\\OTS\\Consts\\": "src/OTS/Consts",
                    "Aliyun\\OTS\\Retry\\": "src/OTS/Retry"
                },
                "files": [
                    "src/functions.php",
                    "src/OTS/ProtoBuffer/GPBMetadata/TableStore.php",
                    "src/OTS/ProtoBuffer/GPBMetadata/TableStoreFilter.php"
                ]
            },
            "notification-url": "https://packagist.org/downloads/",
            "license": [
                "MIT"
            ],
            "authors": [
                {
                    "name": "Aliyun Tablestore Team",
                    "homepage": "http://www.aliyun.com/product/ots"
                }
            ],
            "description": "Aliyun Tablestore SDK for PHP",
            "homepage": "http://www.aliyun.com/product/ots",
            "time": "2018-12-17T09:29:55+00:00"
        },
        {
            "name": "aliyuncs/oss-sdk-php",
            "version": "v2.3.1",
            "source": {
                "type": "git",
                "url": "https://github.com/aliyun/aliyun-oss-php-sdk.git",
                "reference": "053d7ba9e798e4c09b9c5c1edab153d25ea9643a"
            },
            "dist": {
                "type": "zip",
                "url": "https://api.github.com/repos/aliyun/aliyun-oss-php-sdk/zipball/053d7ba9e798e4c09b9c5c1edab153d25ea9643a",
                "reference": "053d7ba9e798e4c09b9c5c1edab153d25ea9643a",
                "shasum": ""
            },
            "require": {
                "php": ">=5.3"
            },
            "require-dev": {
                "phpunit/phpunit": "~4.0",
                "satooshi/php-coveralls": "~1.0"
            },
            "type": "library",
            "autoload": {
                "psr-4": {
                    "OSS\\": "src/OSS"
                }
            },
            "notification-url": "https://packagist.org/downloads/",
            "license": [
                "MIT"
            ],
            "authors": [
                {
                    "name": "Aliyuncs",
                    "homepage": "http://www.aliyun.com"
                }
            ],
            "description": "Aliyun OSS SDK for PHP",
            "homepage": "http://www.aliyun.com/product/oss/",
            "time": "2019-11-15T11:05:42+00:00"
        },
        {
            "name": "aliyunfc/fc-php-sdk",
            "version": "1.2.0",
            "source": {
                "type": "git",
                "url": "https://github.com/aliyun/fc-php-sdk.git",
                "reference": "c2621568fd34643a40dd16168fcf0fe38f00af77"
            },
            "dist": {
                "type": "zip",
                "url": "https://api.github.com/repos/aliyun/fc-php-sdk/zipball/c2621568fd34643a40dd16168fcf0fe38f00af77",
                "reference": "c2621568fd34643a40dd16168fcf0fe38f00af77",
                "shasum": ""
            },
            "require": {
                "guzzlehttp/guzzle": "~6.0",
                "php": ">=5.5"
            },
            "require-dev": {
                "phpunit/phpunit": "^4.8.35 || ^5.7 || ^6.4 || ^7.0",
                "satooshi/php-coveralls": "~1.0"
            },
            "type": "library",
            "autoload": {
                "psr-4": {
                    "AliyunFC\\": "src/AliyunFC"
                }
            },
            "notification-url": "https://packagist.org/downloads/",
            "license": [
                "MIT"
            ],
            "authors": [
                {
                    "name": "aliyunfc",
                    "email": "ls_huster@163.com"
                }
            ],
            "description": "Aliyun FC SDK for PHP",
            "homepage": "http://www.aliyun.com/product/fc/",
            "keywords": [
                "aliyun",
                "fc",
                "fcunction compute",
                "php"
            ],
            "time": "2019-09-09T12:19:57+00:00"
        },
        {
            "name": "clagiordano/weblibs-configmanager",
            "version": "v1.0.7",
            "source": {
                "type": "git",
                "url": "https://github.com/clagiordano/weblibs-configmanager.git",
                "reference": "6ef4c27354368deb2f54b39bbe06601da8c873a0"
            },
            "dist": {
                "type": "zip",
                "url": "https://api.github.com/repos/clagiordano/weblibs-configmanager/zipball/6ef4c27354368deb2f54b39bbe06601da8c873a0",
                "reference": "6ef4c27354368deb2f54b39bbe06601da8c873a0",
                "shasum": ""
            },
            "require": {
                "php": ">=5.4"
            },
            "require-dev": {
                "clagiordano/phpunit-result-printer": "^1",
                "phpunit/phpunit": "^4.8"
            },
            "type": "library",
            "autoload": {
                "psr-4": {
                    "clagiordano\\weblibs\\configmanager\\": "src/"
                }
            },
            "notification-url": "https://packagist.org/downloads/",
            "license": [
                "LGPL-3.0-or-later"
            ],
            "authors": [
                {
                    "name": "Claudio Giordano",
                    "email": "claudio.giordano@autistici.org",
                    "role": "Developer"
                }
            ],
            "description": "weblibs-configmanager is a tool library for easily read and access to php config array file and direct read/write configuration file / object",
            "keywords": [
                "clagiordano",
                "configuration",
                "manager",
                "tool",
                "weblibs"
            ],
            "time": "2019-09-25T22:10:10+00:00"
        },
        {
            "name": "danielstjules/stringy",
            "version": "3.1.0",
            "source": {
                "type": "git",
                "url": "https://github.com/danielstjules/Stringy.git",
                "reference": "df24ab62d2d8213bbbe88cc36fc35a4503b4bd7e"
            },
            "dist": {
                "type": "zip",
                "url": "https://api.github.com/repos/danielstjules/Stringy/zipball/df24ab62d2d8213bbbe88cc36fc35a4503b4bd7e",
                "reference": "df24ab62d2d8213bbbe88cc36fc35a4503b4bd7e",
                "shasum": ""
            },
            "require": {
                "php": ">=5.4.0",
                "symfony/polyfill-mbstring": "~1.1"
            },
            "require-dev": {
                "phpunit/phpunit": "~4.0"
            },
            "type": "library",
            "autoload": {
                "psr-4": {
                    "Stringy\\": "src/"
                },
                "files": [
                    "src/Create.php"
                ]
            },
            "notification-url": "https://packagist.org/downloads/",
            "license": [
                "MIT"
            ],
            "authors": [
                {
                    "name": "Daniel St. Jules",
                    "email": "danielst.jules@gmail.com",
                    "homepage": "http://www.danielstjules.com"
                }
            ],
            "description": "A string manipulation library with multibyte support",
            "homepage": "https://github.com/danielstjules/Stringy",
            "keywords": [
                "UTF",
                "helpers",
                "manipulation",
                "methods",
                "multibyte",
                "string",
                "utf-8",
                "utility",
                "utils"
            ],
            "time": "2017-06-12T01:10:27+00:00"
        },
        {
            "name": "google/protobuf",
            "version": "v3.11.4",
            "source": {
                "type": "git",
                "url": "https://github.com/protocolbuffers/protobuf-php.git",
                "reference": "a5001eb559dcaac0bf6d8c7edc52b3828c618185"
            },
            "dist": {
                "type": "zip",
                "url": "https://api.github.com/repos/protocolbuffers/protobuf-php/zipball/a5001eb559dcaac0bf6d8c7edc52b3828c618185",
                "reference": "a5001eb559dcaac0bf6d8c7edc52b3828c618185",
                "shasum": ""
            },
            "require": {
                "php": ">=5.5.0"
            },
            "require-dev": {
                "phpunit/phpunit": ">=4.8.0"
            },
            "suggest": {
                "ext-bcmath": "Need to support JSON deserialization"
            },
            "type": "library",
            "autoload": {
                "psr-4": {
                    "Google\\Protobuf\\": "src/Google/Protobuf",
                    "GPBMetadata\\Google\\Protobuf\\": "src/GPBMetadata/Google/Protobuf"
                }
            },
            "notification-url": "https://packagist.org/downloads/",
            "license": [
                "BSD-3-Clause"
            ],
            "description": "proto library for PHP",
            "homepage": "https://developers.google.com/protocol-buffers/",
            "keywords": [
                "proto"
            ],
            "time": "2020-02-14T22:17:05+00:00"
        },
        {
            "name": "guzzlehttp/guzzle",
            "version": "6.5.8",
            "source": {
                "type": "git",
                "url": "https://github.com/guzzle/guzzle.git",
                "reference": "a52f0440530b54fa079ce76e8c5d196a42cad981"
            },
            "dist": {
                "type": "zip",
                "url": "https://api.github.com/repos/guzzle/guzzle/zipball/a52f0440530b54fa079ce76e8c5d196a42cad981",
                "reference": "a52f0440530b54fa079ce76e8c5d196a42cad981",
                "shasum": ""
            },
            "require": {
                "ext-json": "*",
                "guzzlehttp/promises": "^1.0",
                "guzzlehttp/psr7": "^1.9",
                "php": ">=5.5",
                "symfony/polyfill-intl-idn": "^1.17"
            },
            "require-dev": {
                "ext-curl": "*",
                "phpunit/phpunit": "^4.8.35 || ^5.7 || ^6.4 || ^7.0",
                "psr/log": "^1.1"
            },
            "suggest": {
                "psr/log": "Required for using the Log middleware"
            },
            "type": "library",
            "extra": {
                "branch-alias": {
                    "dev-master": "6.5-dev"
                }
            },
            "autoload": {
                "files": [
                    "src/functions_include.php"
                ],
                "psr-4": {
                    "GuzzleHttp\\": "src/"
                }
            },
            "notification-url": "https://packagist.org/downloads/",
            "license": [
                "MIT"
            ],
            "authors": [
                {
                    "name": "Graham Campbell",
                    "email": "hello@gjcampbell.co.uk",
                    "homepage": "https://github.com/GrahamCampbell"
                },
                {
                    "name": "Michael Dowling",
                    "email": "mtdowling@gmail.com",
                    "homepage": "https://github.com/mtdowling"
                },
                {
                    "name": "Jeremy Lindblom",
                    "email": "jeremeamia@gmail.com",
                    "homepage": "https://github.com/jeremeamia"
                },
                {
                    "name": "George Mponos",
                    "email": "gmponos@gmail.com",
                    "homepage": "https://github.com/gmponos"
                },
                {
                    "name": "Tobias Nyholm",
                    "email": "tobias.nyholm@gmail.com",
                    "homepage": "https://github.com/Nyholm"
                },
                {
                    "name": "Márk Sági-Kazár",
                    "email": "mark.sagikazar@gmail.com",
                    "homepage": "https://github.com/sagikazarmark"
                },
                {
                    "name": "Tobias Schultze",
                    "email": "webmaster@tubo-world.de",
                    "homepage": "https://github.com/Tobion"
                }
            ],
            "description": "Guzzle is a PHP HTTP client library",
            "homepage": "http://guzzlephp.org/",
            "keywords": [
                "client",
                "curl",
                "framework",
                "http",
                "http client",
                "rest",
                "web service"
            ],
            "support": {
                "issues": "https://github.com/guzzle/guzzle/issues",
                "source": "https://github.com/guzzle/guzzle/tree/6.5.8"
            },
            "funding": [
                {
                    "url": "https://github.com/GrahamCampbell",
                    "type": "github"
                },
                {
                    "url": "https://github.com/Nyholm",
                    "type": "github"
                },
                {
                    "url": "https://tidelift.com/funding/github/packagist/guzzlehttp/guzzle",
                    "type": "tidelift"
                }
            ],
            "time": "2022-06-20T22:16:07+00:00"
        },
        {
            "name": "guzzlehttp/promises",
            "version": "1.5.1",
            "source": {
                "type": "git",
                "url": "https://github.com/guzzle/promises.git",
                "reference": "fe752aedc9fd8fcca3fe7ad05d419d32998a06da"
            },
            "dist": {
                "type": "zip",
                "url": "https://api.github.com/repos/guzzle/promises/zipball/fe752aedc9fd8fcca3fe7ad05d419d32998a06da",
                "reference": "fe752aedc9fd8fcca3fe7ad05d419d32998a06da",
                "shasum": ""
            },
            "require": {
                "php": ">=5.5"
            },
            "require-dev": {
                "symfony/phpunit-bridge": "^4.4 || ^5.1"
            },
            "type": "library",
            "extra": {
                "branch-alias": {
                    "dev-master": "1.5-dev"
                }
            },
            "autoload": {
                "files": [
                    "src/functions_include.php"
                ],
                "psr-4": {
                    "GuzzleHttp\\Promise\\": "src/"
                }
            },
            "notification-url": "https://packagist.org/downloads/",
            "license": [
                "MIT"
            ],
            "authors": [
                {
                    "name": "Graham Campbell",
                    "email": "hello@gjcampbell.co.uk",
                    "homepage": "https://github.com/GrahamCampbell"
                },
                {
                    "name": "Michael Dowling",
                    "email": "mtdowling@gmail.com",
                    "homepage": "https://github.com/mtdowling"
                },
                {
                    "name": "Tobias Nyholm",
                    "email": "tobias.nyholm@gmail.com",
                    "homepage": "https://github.com/Nyholm"
                },
                {
                    "name": "Tobias Schultze",
                    "email": "webmaster@tubo-world.de",
                    "homepage": "https://github.com/Tobion"
                }
            ],
            "description": "Guzzle promises library",
            "keywords": [
                "promise"
            ],
            "support": {
                "issues": "https://github.com/guzzle/promises/issues",
                "source": "https://github.com/guzzle/promises/tree/1.5.1"
            },
            "funding": [
                {
                    "url": "https://github.com/GrahamCampbell",
                    "type": "github"
                },
                {
                    "url": "https://github.com/Nyholm",
                    "type": "github"
                },
                {
                    "url": "https://tidelift.com/funding/github/packagist/guzzlehttp/promises",
                    "type": "tidelift"
                }
            ],
            "time": "2021-10-22T20:56:57+00:00"
        },
        {
            "name": "guzzlehttp/psr7",
            "version": "1.9.0",
            "source": {
                "type": "git",
                "url": "https://github.com/guzzle/psr7.git",
                "reference": "e98e3e6d4f86621a9b75f623996e6bbdeb4b9318"
            },
            "dist": {
                "type": "zip",
                "url": "https://api.github.com/repos/guzzle/psr7/zipball/e98e3e6d4f86621a9b75f623996e6bbdeb4b9318",
                "reference": "e98e3e6d4f86621a9b75f623996e6bbdeb4b9318",
                "shasum": ""
            },
            "require": {
                "php": ">=5.4.0",
                "psr/http-message": "~1.0",
                "ralouphie/getallheaders": "^2.0.5 || ^3.0.0"
            },
            "provide": {
                "psr/http-message-implementation": "1.0"
            },
            "require-dev": {
                "ext-zlib": "*",
                "phpunit/phpunit": "~4.8.36 || ^5.7.27 || ^6.5.14 || ^7.5.20 || ^8.5.8 || ^9.3.10"
            },
            "suggest": {
                "laminas/laminas-httphandlerrunner": "Emit PSR-7 responses"
            },
            "type": "library",
            "extra": {
                "branch-alias": {
                    "dev-master": "1.9-dev"
                }
            },
            "autoload": {
                "files": [
                    "src/functions_include.php"
                ],
                "psr-4": {
                    "GuzzleHttp\\Psr7\\": "src/"
                }
            },
            "notification-url": "https://packagist.org/downloads/",
            "license": [
                "MIT"
            ],
            "authors": [
                {
                    "name": "Graham Campbell",
                    "email": "hello@gjcampbell.co.uk",
                    "homepage": "https://github.com/GrahamCampbell"
                },
                {
                    "name": "Michael Dowling",
                    "email": "mtdowling@gmail.com",
                    "homepage": "https://github.com/mtdowling"
                },
                {
                    "name": "George Mponos",
                    "email": "gmponos@gmail.com",
                    "homepage": "https://github.com/gmponos"
                },
                {
                    "name": "Tobias Nyholm",
                    "email": "tobias.nyholm@gmail.com",
                    "homepage": "https://github.com/Nyholm"
                },
                {
                    "name": "Márk Sági-Kazár",
                    "email": "mark.sagikazar@gmail.com",
                    "homepage": "https://github.com/sagikazarmark"
                },
                {
                    "name": "Tobias Schultze",
                    "email": "webmaster@tubo-world.de",
                    "homepage": "https://github.com/Tobion"
                }
            ],
            "description": "PSR-7 message implementation that also provides common utility methods",
            "keywords": [
                "http",
                "message",
                "psr-7",
                "request",
                "response",
                "stream",
                "uri",
                "url"
            ],
            "support": {
                "issues": "https://github.com/guzzle/psr7/issues",
                "source": "https://github.com/guzzle/psr7/tree/1.9.0"
            },
            "funding": [
                {
                    "url": "https://github.com/GrahamCampbell",
                    "type": "github"
                },
                {
                    "url": "https://github.com/Nyholm",
                    "type": "github"
                },
                {
                    "url": "https://tidelift.com/funding/github/packagist/guzzlehttp/psr7",
                    "type": "tidelift"
                }
            ],
            "time": "2022-06-20T21:43:03+00:00"
        },
        {
            "name": "mtdowling/jmespath.php",
            "version": "2.5.0",
            "source": {
                "type": "git",
                "url": "https://github.com/jmespath/jmespath.php.git",
                "reference": "52168cb9472de06979613d365c7f1ab8798be895"
            },
            "dist": {
                "type": "zip",
                "url": "https://api.github.com/repos/jmespath/jmespath.php/zipball/52168cb9472de06979613d365c7f1ab8798be895",
                "reference": "52168cb9472de06979613d365c7f1ab8798be895",
                "shasum": ""
            },
            "require": {
                "php": ">=5.4.0",
                "symfony/polyfill-mbstring": "^1.4"
            },
            "require-dev": {
                "composer/xdebug-handler": "^1.2",
                "phpunit/phpunit": "^4.8.36|^7.5.15"
            },
            "bin": [
                "bin/jp.php"
            ],
            "type": "library",
            "extra": {
                "branch-alias": {
                    "dev-master": "2.5-dev"
                }
            },
            "autoload": {
                "psr-4": {
                    "JmesPath\\": "src/"
                },
                "files": [
                    "src/JmesPath.php"
                ]
            },
            "notification-url": "https://packagist.org/downloads/",
            "license": [
                "MIT"
            ],
            "authors": [
                {
                    "name": "Michael Dowling",
                    "email": "mtdowling@gmail.com",
                    "homepage": "https://github.com/mtdowling"
                }
            ],
            "description": "Declaratively specify how to extract elements from a JSON document",
            "keywords": [
                "json",
                "jsonpath"
            ],
            "time": "2019-12-30T18:03:34+00:00"
        },
        {
            "name": "psr/http-message",
            "version": "1.0.1",
            "source": {
                "type": "git",
                "url": "https://github.com/php-fig/http-message.git",
                "reference": "f6561bf28d520154e4b0ec72be95418abe6d9363"
            },
            "dist": {
                "type": "zip",
                "url": "https://api.github.com/repos/php-fig/http-message/zipball/f6561bf28d520154e4b0ec72be95418abe6d9363",
                "reference": "f6561bf28d520154e4b0ec72be95418abe6d9363",
                "shasum": ""
            },
            "require": {
                "php": ">=5.3.0"
            },
            "type": "library",
            "extra": {
                "branch-alias": {
                    "dev-master": "1.0.x-dev"
                }
            },
            "autoload": {
                "psr-4": {
                    "Psr\\Http\\Message\\": "src/"
                }
            },
            "notification-url": "https://packagist.org/downloads/",
            "license": [
                "MIT"
            ],
            "authors": [
                {
                    "name": "PHP-FIG",
                    "homepage": "http://www.php-fig.org/"
                }
            ],
            "description": "Common interface for HTTP messages",
            "homepage": "https://github.com/php-fig/http-message",
            "keywords": [
                "http",
                "http-message",
                "psr",
                "psr-7",
                "request",
                "response"
            ],
            "support": {
                "source": "https://github.com/php-fig/http-message/tree/master"
            },
            "time": "2016-08-06T14:39:51+00:00"
        },
        {
            "name": "ralouphie/getallheaders",
            "version": "3.0.3",
            "source": {
                "type": "git",
                "url": "https://github.com/ralouphie/getallheaders.git",
                "reference": "120b605dfeb996808c31b6477290a714d356e822"
            },
            "dist": {
                "type": "zip",
                "url": "https://api.github.com/repos/ralouphie/getallheaders/zipball/120b605dfeb996808c31b6477290a714d356e822",
                "reference": "120b605dfeb996808c31b6477290a714d356e822",
                "shasum": ""
            },
            "require": {
                "php": ">=5.6"
            },
            "require-dev": {
                "php-coveralls/php-coveralls": "^2.1",
                "phpunit/phpunit": "^5 || ^6.5"
            },
            "type": "library",
            "autoload": {
                "files": [
                    "src/getallheaders.php"
                ]
            },
            "notification-url": "https://packagist.org/downloads/",
            "license": [
                "MIT"
            ],
            "authors": [
                {
                    "name": "Ralph Khattar",
                    "email": "ralph.khattar@gmail.com"
                }
            ],
            "description": "A polyfill for getallheaders.",
            "support": {
                "issues": "https://github.com/ralouphie/getallheaders/issues",
                "source": "https://github.com/ralouphie/getallheaders/tree/develop"
            },
            "time": "2019-03-08T08:55:37+00:00"
        },
        {
            "name": "symfony/polyfill-intl-idn",
            "version": "v1.26.0",
            "source": {
                "type": "git",
                "url": "https://github.com/symfony/polyfill-intl-idn.git",
                "reference": "59a8d271f00dd0e4c2e518104cc7963f655a1aa8"
            },
            "dist": {
                "type": "zip",
                "url": "https://api.github.com/repos/symfony/polyfill-intl-idn/zipball/59a8d271f00dd0e4c2e518104cc7963f655a1aa8",
                "reference": "59a8d271f00dd0e4c2e518104cc7963f655a1aa8",
                "shasum": ""
            },
            "require": {
                "php": ">=7.1",
                "symfony/polyfill-intl-normalizer": "^1.10",
                "symfony/polyfill-php72": "^1.10"
            },
            "suggest": {
                "ext-intl": "For best performance"
            },
            "type": "library",
            "extra": {
                "branch-alias": {
                    "dev-main": "1.26-dev"
                },
                "thanks": {
                    "name": "symfony/polyfill",
                    "url": "https://github.com/symfony/polyfill"
                }
            },
            "autoload": {
                "files": [
                    "bootstrap.php"
                ],
                "psr-4": {
                    "Symfony\\Polyfill\\Intl\\Idn\\": ""
                }
            },
            "notification-url": "https://packagist.org/downloads/",
            "license": [
                "MIT"
            ],
            "authors": [
                {
                    "name": "Laurent Bassin",
                    "email": "laurent@bassin.info"
                },
                {
                    "name": "Trevor Rowbotham",
                    "email": "trevor.rowbotham@pm.me"
                },
                {
                    "name": "Symfony Community",
                    "homepage": "https://symfony.com/contributors"
                }
            ],
            "description": "Symfony polyfill for intl's idn_to_ascii and idn_to_utf8 functions",
            "homepage": "https://symfony.com",
            "keywords": [
                "compatibility",
                "idn",
                "intl",
                "polyfill",
                "portable",
                "shim"
            ],
            "support": {
                "source": "https://github.com/symfony/polyfill-intl-idn/tree/v1.26.0"
            },
            "funding": [
                {
                    "url": "https://symfony.com/sponsor",
                    "type": "custom"
                },
                {
                    "url": "https://github.com/fabpot",
                    "type": "github"
                },
                {
                    "url": "https://tidelift.com/funding/github/packagist/symfony/symfony",
                    "type": "tidelift"
                }
            ],
            "time": "2022-05-24T11:49:31+00:00"
        },
        {
            "name": "symfony/polyfill-intl-normalizer",
            "version": "v1.26.0",
            "source": {
                "type": "git",
                "url": "https://github.com/symfony/polyfill-intl-normalizer.git",
                "reference": "219aa369ceff116e673852dce47c3a41794c14bd"
            },
            "dist": {
                "type": "zip",
                "url": "https://api.github.com/repos/symfony/polyfill-intl-normalizer/zipball/219aa369ceff116e673852dce47c3a41794c14bd",
                "reference": "219aa369ceff116e673852dce47c3a41794c14bd",
                "shasum": ""
            },
            "require": {
                "php": ">=7.1"
            },
            "suggest": {
                "ext-intl": "For best performance"
            },
            "type": "library",
            "extra": {
                "branch-alias": {
                    "dev-main": "1.26-dev"
                },
                "thanks": {
                    "name": "symfony/polyfill",
                    "url": "https://github.com/symfony/polyfill"
                }
            },
            "autoload": {
                "files": [
                    "bootstrap.php"
                ],
                "psr-4": {
                    "Symfony\\Polyfill\\Intl\\Normalizer\\": ""
                },
                "classmap": [
                    "Resources/stubs"
                ]
            },
            "notification-url": "https://packagist.org/downloads/",
            "license": [
                "MIT"
            ],
            "authors": [
                {
                    "name": "Nicolas Grekas",
                    "email": "p@tchwork.com"
                },
                {
                    "name": "Symfony Community",
                    "homepage": "https://symfony.com/contributors"
                }
            ],
            "description": "Symfony polyfill for intl's Normalizer class and related functions",
            "homepage": "https://symfony.com",
            "keywords": [
                "compatibility",
                "intl",
                "normalizer",
                "polyfill",
                "portable",
                "shim"
            ],
            "support": {
                "source": "https://github.com/symfony/polyfill-intl-normalizer/tree/v1.26.0"
            },
            "funding": [
                {
                    "url": "https://symfony.com/sponsor",
                    "type": "custom"
                },
                {
                    "url": "https://github.com/fabpot",
                    "type": "github"
                },
                {
                    "url": "https://tidelift.com/funding/github/packagist/symfony/symfony",
                    "type": "tidelift"
                }
            ],
            "time": "2022-05-24T11:49:31+00:00"
        },
        {
            "name": "symfony/polyfill-mbstring",
            "version": "v1.26.0",
            "source": {
                "type": "git",
                "url": "https://github.com/symfony/polyfill-mbstring.git",
                "reference": "9344f9cb97f3b19424af1a21a3b0e75b0a7d8d7e"
            },
            "dist": {
                "type": "zip",
                "url": "https://api.github.com/repos/symfony/polyfill-mbstring/zipball/9344f9cb97f3b19424af1a21a3b0e75b0a7d8d7e",
                "reference": "9344f9cb97f3b19424af1a21a3b0e75b0a7d8d7e",
                "shasum": ""
            },
            "require": {
                "php": ">=7.1"
            },
            "provide": {
                "ext-mbstring": "*"
            },
            "suggest": {
                "ext-mbstring": "For best performance"
            },
            "type": "library",
            "extra": {
                "branch-alias": {
                    "dev-main": "1.26-dev"
                },
                "thanks": {
                    "name": "symfony/polyfill",
                    "url": "https://github.com/symfony/polyfill"
                }
            },
            "autoload": {
                "files": [
                    "bootstrap.php"
                ],
                "psr-4": {
                    "Symfony\\Polyfill\\Mbstring\\": ""
                }
            },
            "notification-url": "https://packagist.org/downloads/",
            "license": [
                "MIT"
            ],
            "authors": [
                {
                    "name": "Nicolas Grekas",
                    "email": "p@tchwork.com"
                },
                {
                    "name": "Symfony Community",
                    "homepage": "https://symfony.com/contributors"
                }
            ],
            "description": "Symfony polyfill for the Mbstring extension",
            "homepage": "https://symfony.com",
            "keywords": [
                "compatibility",
                "mbstring",
                "polyfill",
                "portable",
                "shim"
            ],
            "support": {
                "source": "https://github.com/symfony/polyfill-mbstring/tree/v1.26.0"
            },
            "funding": [
                {
                    "url": "https://symfony.com/sponsor",
                    "type": "custom"
                },
                {
                    "url": "https://github.com/fabpot",
                    "type": "github"
                },
                {
                    "url": "https://tidelift.com/funding/github/packagist/symfony/symfony",
                    "type": "tidelift"
                }
            ],
            "time": "2022-05-24T11:49:31+00:00"
        },
        {
            "name": "symfony/polyfill-php72",
            "version": "v1.26.0",
            "source": {
                "type": "git",
                "url": "https://github.com/symfony/polyfill-php72.git",
                "reference": "bf44a9fd41feaac72b074de600314a93e2ae78e2"
            },
            "dist": {
                "type": "zip",
                "url": "https://api.github.com/repos/symfony/polyfill-php72/zipball/bf44a9fd41feaac72b074de600314a93e2ae78e2",
                "reference": "bf44a9fd41feaac72b074de600314a93e2ae78e2",
                "shasum": ""
            },
            "require": {
                "php": ">=7.1"
            },
            "type": "library",
            "extra": {
                "branch-alias": {
                    "dev-main": "1.26-dev"
                },
                "thanks": {
                    "name": "symfony/polyfill",
                    "url": "https://github.com/symfony/polyfill"
                }
            },
            "autoload": {
                "files": [
                    "bootstrap.php"
                ],
                "psr-4": {
                    "Symfony\\Polyfill\\Php72\\": ""
                }
            },
            "notification-url": "https://packagist.org/downloads/",
            "license": [
                "MIT"
            ],
            "authors": [
                {
                    "name": "Nicolas Grekas",
                    "email": "p@tchwork.com"
                },
                {
                    "name": "Symfony Community",
                    "homepage": "https://symfony.com/contributors"
                }
            ],
            "description": "Symfony polyfill backporting some PHP 7.2+ features to lower PHP versions",
            "homepage": "https://symfony.com",
            "keywords": [
                "compatibility",
                "polyfill",
                "portable",
                "shim"
            ],
            "support": {
                "source": "https://github.com/symfony/polyfill-php72/tree/v1.26.0"
            },
            "funding": [
                {
                    "url": "https://symfony.com/sponsor",
                    "type": "custom"
                },
                {
                    "url": "https://github.com/fabpot",
                    "type": "github"
                },
                {
                    "url": "https://tidelift.com/funding/github/packagist/symfony/symfony",
                    "type": "tidelift"
                }
            ],
            "time": "2022-05-24T11:49:31+00:00"
        },
        {
            "name": "wushunyi/aliyun-sdk-mns",
            "version": "v1.3.5.5",
            "source": {
                "type": "git",
                "url": "https://github.com/84hero/aliyun-sdk-mns.git",
                "reference": "4ddee33bae345e5e14702f8d5c751a0a90bf2c0b"
            },
            "dist": {
                "type": "zip",
                "url": "https://api.github.com/repos/84hero/aliyun-sdk-mns/zipball/4ddee33bae345e5e14702f8d5c751a0a90bf2c0b",
                "reference": "4ddee33bae345e5e14702f8d5c751a0a90bf2c0b",
                "shasum": ""
            },
            "require": {
                "ext-dom": "*",
                "ext-openssl": "*",
                "ext-simplexml": "*",
                "guzzlehttp/guzzle": "^6.3",
                "php": ">=5.3.0"
            },
            "suggest": {
                "ext-curl": "To send requests using cURL",
                "ext-json": "Parse json",
                "ext-openssl": "Allows working with https"
            },
            "type": "library",
            "extra": {
                "branch-alias": {
                    "dev-master": "master-dev"
                }
            },
            "autoload": {
                "psr-4": {
                    "AliyunMNS\\": "AliyunMNS/"
                }
            },
            "notification-url": "https://packagist.org/downloads/",
            "license": [
                "MIT"
            ],
            "authors": [
                {
                    "name": "Wu ShunYi",
                    "email": "wushunyi@vip.qq.com"
                }
            ],
            "description": "Aliyun MNS PHP SDK 阿里云官方 MNS composer包",
            "time": "2017-11-21T09:36:47+00:00"
        }
    ],
    "packages-dev": [],
    "aliases": [],
    "minimum-stability": "stable",
    "stability-flags": [],
    "prefer-stable": false,
    "prefer-lowest": false,
    "platform": [],
    "platform-dev": [],
    "plugin-api-version": "2.3.0"
}
